
Microsoft Visual Studio Solution File, Format Version 12.00
# Visual Studio Version 17
VisualStudioVersion = 17.0.31903.59
MinimumVisualStudioVersion = 10.0.40219.1
Project("{2150E333-8FDC-42A3-9474-1A3956D46DE8}") = "src", "src", "{827E0CD3-B72D-47B6-A68D-7590B98EB39B}"
EndProject
Project("{FAE04EC0-301F-11D3-BF4B-00C04F79EFBC}") = "DailyMusings.Admin", "src\DailyMusings.Admin\DailyMusings.Admin.csproj", "{AB4C8CD8-5564-424B-85F4-1B26397511A5}"
EndProject
Project("{FAE04EC0-301F-11D3-BF4B-00C04F79EFBC}") = "DailyMusings.Application", "src\DailyMusings.Application\DailyMusings.Application.csproj", "{586F4054-5A4E-465B-AED8-F717DA3074FB}"
EndProject
Project("{FAE04EC0-301F-11D3-BF4B-00C04F79EFBC}") = "DailyMusings.Domain", "src\DailyMusings.Domain\DailyMusings.Domain.csproj", "{9500A139-F7AB-4913-B6C5-91A18EFD3C8C}"
EndProject
Project("{FAE04EC0-301F-11D3-BF4B-00C04F79EFBC}") = "DailyMusings.Contracts", "src\DailyMusings.Contracts\DailyMusings.Contracts.csproj", "{87BE4771-847A-48F8-BD2F-727159771156}"
EndProject
Project("{FAE04EC0-301F-11D3-BF4B-00C04F79EFBC}") = "DailyMusings.Infrastructure", "src\DailyMusings.Infrastructure\DailyMusings.Infrastructure.csproj", "{A3385F04-AD8C-40B2-B5BC-01DEDF4CFBA4}"
EndProject
Project("{FAE04EC0-301F-11D3-BF4B-00C04F79EFBC}") = "DailyMusings.Server", "src\DailyMusings.Server\DailyMusings.Server.csproj", "{3D2937DE-C907-4F51-897D-4D5E3F65DF5D}"
EndProject
Project("{2150E333-8FDC-42A3-9474-1A3956D46DE8}") = "tests", "tests", "{0AB3BF05-4346-4AA6-1389-037BE0695223}"
EndProject
Project("{FAE04EC0-301F-11D3-BF4B-00C04F79EFBC}") = "DailyMusings.Api.IntegrationTests", "tests\DailyMusings.Api.IntegrationTests\DailyMusings.Api.IntegrationTests.csproj", "{E094DFBA-CBF3-49A2-A2C4-5BBC5EFDD210}"
EndProject
Project("{FAE04EC0-301F-11D3-BF4B-00C04F79EFBC}") = "DailyMusings.Application.Tests", "tests\DailyMusings.Application.Tests\DailyMusings.Application.Tests.csproj", "{71306E4A-7B6C-4F40-993B-9D41734BA844}"
EndProject
Project("{FAE04EC0-301F-11D3-BF4B-00C04F79EFBC}") = "DailyMusings.Domain.Tests", "tests\DailyMusings.Domain.Tests\DailyMusings.Domain.Tests.csproj", "{96467733-7EFA-4A79-80AA-87F5B15CD9AD}"
EndProject
Project("{FAE04EC0-301F-11D3-BF4B-00C04F79EFBC}") = "DailyMusings.Infrastructure.Tests", "tests\DailyMusings.Infrastructure.Tests\DailyMusings.Infrastructure.Tests.csproj", "{ED156FCE-85B5-48A0-81EE-6828C3DE78C8}"
EndProject
Global
	GlobalSection(SolutionConfigurationPlatforms) = preSolution
		Debug|Any CPU = Debug|Any CPU
		Debug|x64 = Debug|x64
		Debug|x86 = Debug|x86
		Release|Any CPU = Release|Any CPU
		Release|x64 = Release|x64
		Release|x86 = Release|x86
	EndGlobalSection
	GlobalSection(ProjectConfigurationPlatforms) = postSolution
		{AB4C8CD8-5564-424B-85F4-1B26397511A5}.Debug|Any CPU.ActiveCfg = Debug|Any CPU
		{AB4C8CD8-5564-424B-85F4-1B26397511A5}.Debug|Any CPU.Build.0 = Debug|Any CPU
		{AB4C8CD8-5564-424B-85F4-1B26397511A5}.Debug|x64.ActiveCfg = Debug|Any CPU
		{AB4C8CD8-5564-424B-85F4-1B26397511A5}.Debug|x64.Build.0 = Debug|Any CPU
		{AB4C8CD8-5564-424B-85F4-1B26397511A5}.Debug|x86.ActiveCfg = Debug|Any CPU
		{AB4C8CD8-5564-424B-85F4-1B26397511A5}.Debug|x86.Build.0 = Debug|Any CPU
		{AB4C8CD8-5564-424B-85F4-1B26397511A5}.Release|Any CPU.ActiveCfg = Release|Any CPU
		{AB4C8CD8-5564-424B-85F4-1B26397511A5}.Release|Any CPU.Build.0 = Release|Any CPU
		{AB4C8CD8-5564-424B-85F4-1B26397511A5}.Release|x64.ActiveCfg = Release|Any CPU
		{AB4C8CD8-5564-424B-85F4-1B26397511A5}.Release|x64.Build.0 = Release|Any CPU
		{AB4C8CD8-5564-424B-85F4-1B26397511A5}.Release|x86.ActiveCfg = Release|Any CPU
		{AB4C8CD8-5564-424B-85F4-1B26397511A5}.Release|x86.Build.0 = Release|Any CPU
		{586F4054-5A4E-465B-AED8-F717DA3074FB}.Debug|Any CPU.ActiveCfg = Debug|Any CPU
		{586F4054-5A4E-465B-AED8-F717DA3074FB}.Debug|Any CPU.Build.0 = Debug|Any CPU
		{586F4054-5A4E-465B-AED8-F717DA3074FB}.Debug|x64.ActiveCfg = Debug|Any CPU
		{586F4054-5A4E-465B-AED8-F717DA3074FB}.Debug|x64.Build.0 = Debug|Any CPU
		{586F4054-5A4E-465B-AED8-F717DA3074FB}.Debug|x86.ActiveCfg = Debug|Any CPU
		{586F4054-5A4E-465B-AED8-F717DA3074FB}.Debug|x86.Build.0 = Debug|Any CPU
		{586F4054-5A4E-465B-AED8-F717DA3074FB}.Release|Any CPU.ActiveCfg = Release|Any CPU
		{586F4054-5A4E-465B-AED8-F717DA3074FB}.Release|Any CPU.Build.0 = Release|Any CPU
		{586F4054-5A4E-465B-AED8-F717DA3074FB}.Release|x64.ActiveCfg = Release|Any CPU
		{586F4054-5A4E-465B-AED8-F717DA3074FB}.Release|x64.Build.0 = Release|Any CPU
		{586F4054-5A4E-465B-AED8-F717DA3074FB}.Release|x86.ActiveCfg = Release|Any CPU
		{586F4054-5A4E-465B-AED8-F717DA3074FB}.Release|x86.Build.0 = Release|Any CPU
		{9500A139-F7AB-4913-B6C5-91A18EFD3C8C}.Debug|Any CPU.ActiveCfg = Debug|Any CPU
		{9500A139-F7AB-4913-B6C5-91A18EFD3C8C}.Debug|Any CPU.Build.0 = Debug|Any CPU
		{9500A139-F7AB-4913-B6C5-91A18EFD3C8C}.Debug|x64.ActiveCfg = Debug|Any CPU
		{9500A139-F7AB-4913-B6C5-91A18EFD3C8C}.Debug|x64.Build.0 = Debug|Any CPU
		{9500A139-F7AB-4913-B6C5-91A18EFD3C8C}.Debug|x86.ActiveCfg = Debug|Any CPU
		{9500A139-F7AB-4913-B6C5-91A18EFD3C8C}.Debug|x86.Build.0 = Debug|Any CPU
		{9500A139-F7AB-4913-B6C5-91A18EFD3C8C}.Release|Any CPU.ActiveCfg = Release|Any CPU
		{9500A139-F7AB-4913-B6C5-91A18EFD3C8C}.Release|Any CPU.Build.0 = Release|Any CPU
		{9500A139-F7AB-4913-B6C5-91A18EFD3C8C}.Release|x64.ActiveCfg = Release|Any CPU
		{9500A139-F7AB-4913-B6C5-91A18EFD3C8C}.Release|x64.Build.0 = Release|Any CPU
		{9500A139-F7AB-4913-B6C5-91A18EFD3C8C}.Release|x86.ActiveCfg = Release|Any CPU
		{9500A139-F7AB-4913-B6C5-91A18EFD3C8C}.Release|x86.Build.0 = Release|Any CPU
		{87BE4771-847A-48F8-BD2F-727159771156}.Debug|Any CPU.ActiveCfg = Debug|Any CPU
		{87BE4771-847A-48F8-BD2F-727159771156}.Debug|Any CPU.Build.0 = Debug|Any CPU
		{87BE4771-847A-48F8-BD2F-727159771156}.Debug|x64.ActiveCfg = Debug|Any CPU
		{87BE4771-847A-48F8-BD2F-727159771156}.Debug|x64.Build.0 = Debug|Any CPU
		{87BE4771-847A-48F8-BD2F-727159771156}.Debug|x86.ActiveCfg = Debug|Any CPU
		{87BE4771-847A-48F8-BD2F-727159771156}.Debug|x86.Build.0 = Debug|Any CPU
		{87BE4771-847A-48F8-BD2F-727159771156}.Release|Any CPU.ActiveCfg = Release|Any CPU
		{87BE4771-847A-48F8-BD2F-727159771156}.Release|Any CPU.Build.0 = Release|Any CPU
		{87BE4771-847A-48F8-BD2F-727159771156}.Release|x64.ActiveCfg = Release|Any CPU
		{87BE4771-847A-48F8-BD2F-727159771156}.Release|x64.Build.0 = Release|Any CPU
		{87BE4771-847A-48F8-BD2F-727159771156}.Release|x86.ActiveCfg = Release|Any CPU
		{87BE4771-847A-48F8-BD2F-727159771156}.Release|x86.Build.0 = Release|Any CPU
		{A3385F04-AD8C-40B2-B5BC-01DEDF4CFBA4}.Debug|Any CPU.ActiveCfg = Debug|Any CPU
		{A3385F04-AD8C-40B2-B5BC-01DEDF4CFBA4}.Debug|Any CPU.Build.0 = Debug|Any CPU
		{A3385F04-AD8C-40B2-B5BC-01DEDF4CFBA4}.Debug|x64.ActiveCfg = Debug|Any CPU
		{A3385F04-AD8C-40B2-B5BC-01DEDF4CFBA4}.Debug|x64.Build.0 = Debug|Any CPU
		{A3385F04-AD8C-40B2-B5BC-01DEDF4CFBA4}.Debug|x86.ActiveCfg = Debug|Any CPU
		{A3385F04-AD8C-40B2-B5BC-01DEDF4CFBA4}.Debug|x86.Build.0 = Debug|Any CPU
		{A3385F04-AD8C-40B2-B5BC-01DEDF4CFBA4}.Release|Any CPU.ActiveCfg = Release|Any CPU
		{A3385F04-AD8C-40B2-B5BC-01DEDF4CFBA4}.Release|Any CPU.Build.0 = Release|Any CPU
		{A3385F04-AD8C-40B2-B5BC-01DEDF4CFBA4}.Release|x64.ActiveCfg = Release|Any CPU
		{A3385F04-AD8C-40B2-B5BC-01DEDF4CFBA4}.Release|x64.Build.0 = Release|Any CPU
		{A3385F04-AD8C-40B2-B5BC-01DEDF4CFBA4}.Release|x86.ActiveCfg = Release|Any CPU
		{A3385F04-AD8C-40B2-B5BC-01DEDF4CFBA4}.Release|x86.Build.0 = Release|Any CPU
		{3D2937DE-C907-4F51-897D-4D5E3F65DF5D}.Debug|Any CPU.ActiveCfg = Debug|Any CPU
		{3D2937DE-C907-4F51-897D-4D5E3F65DF5D}.Debug|Any CPU.Build.0 = Debug|Any CPU
		{3D2937DE-C907-4F51-897D-4D5E3F65DF5D}.Debug|x64.ActiveCfg = Debug|Any CPU
		{3D2937DE-C907-4F51-897D-4D5E3F65DF5D}.Debug|x64.Build.0 = Debug|Any CPU
		{3D2937DE-C907-4F51-897D-4D5E3F65DF5D}.Debug|x86.ActiveCfg = Debug|Any CPU
		{3D2937DE-C907-4F51-897D-4D5E3F65DF5D}.Debug|x86.Build.0 = Debug|Any CPU
		{3D2937DE-C907-4F51-897D-4D5E3F65DF5D}.Release|Any CPU.ActiveCfg = Release|Any CPU
		{3D2937DE-C907-4F51-897D-4D5E3F65DF5D}.Release|Any CPU.Build.0 = Release|Any CPU
		{3D2937DE-C907-4F51-897D-4D5E3F65DF5D}.Release|x64.ActiveCfg = Release|Any CPU
		{3D2937DE-C907-4F51-897D-4D5E3F65DF5D}.Release|x64.Build.0 = Release|Any CPU
		{3D2937DE-C907-4F51-897D-4D5E3F65DF5D}.Release|x86.ActiveCfg = Release|Any CPU
		{3D2937DE-C907-4F51-897D-4D5E3F65DF5D}.Release|x86.Build.0 = Release|Any CPU
		{E094DFBA-CBF3-49A2-A2C4-5BBC5EFDD210}.Debug|Any CPU.ActiveCfg = Debug|Any CPU
		{E094DFBA-CBF3-49A2-A2C4-5BBC5EFDD210}.Debug|Any CPU.Build.0 = Debug|Any CPU
		{E094DFBA-CBF3-49A2-A2C4-5BBC5EFDD210}.Debug|x64.ActiveCfg = Debug|Any CPU
		{E094DFBA-CBF3-49A2-A2C4-5BBC5EFDD210}.Debug|x64.Build.0 = Debug|Any CPU
		{E094DFBA-CBF3-49A2-A2C4-5BBC5EFDD210}.Debug|x86.ActiveCfg = Debug|Any CPU
		{E094DFBA-CBF3-49A2-A2C4-5BBC5EFDD210}.Debug|x86.Build.0 = Debug|Any CPU
		{E094DFBA-CBF3-49A2-A2C4-5BBC5EFDD210}.Release|Any CPU.ActiveCfg = Release|Any CPU
		{E094DFBA-CBF3-49A2-A2C4-5BBC5EFDD210}.Release|Any CPU.Build.0 = Release|Any CPU
		{E094DFBA-CBF3-49A2-A2C4-5BBC5EFDD210}.Release|x64.ActiveCfg = Release|Any CPU
		{E094DFBA-CBF3-49A2-A2C4-5BBC5EFDD210}.Release|x64.Build.0 = Release|Any CPU
		{E094DFBA-CBF3-49A2-A2C4-5BBC5EFDD210}.Release|x86.ActiveCfg = Release|Any CPU
		{E094DFBA-CBF3-49A2-A2C4-5BBC5EFDD210}.Release|x86.Build.0 = Release|Any CPU
		{71306E4A-7B6C-4F40-993B-9D41734BA844}.Debug|Any CPU.ActiveCfg = Debug|Any CPU
		{71306E4A-7B6C-4F40-993B-9D41734BA844}.Debug|Any CPU.Build.0 = Debug|Any CPU
		{71306E4A-7B6C-4F40-993B-9D41734BA844}.Debug|x64.ActiveCfg = Debug|Any CPU
		{71306E4A-7B6C-4F40-993B-9D41734BA844}.Debug|x64.Build.0 = Debug|Any CPU
		{71306E4A-7B6C-4F40-993B-9D41734BA844}.Debug|x86.ActiveCfg = Debug|Any CPU
		{71306E4A-7B6C-4F40-993B-9D41734BA844}.Debug|x86.Build.0 = Debug|Any CPU
		{71306E4A-7B6C-4F40-993B-9D41734BA844}.Release|Any CPU.ActiveCfg = Release|Any CPU
		{71306E4A-7B6C-4F40-993B-9D41734BA844}.Release|Any CPU.Build.0 = Release|Any CPU
		{71306E4A-7B6C-4F40-993B-9D41734BA844}.Release|x64.ActiveCfg = Release|Any CPU
		{71306E4A-7B6C-4F40-993B-9D41734BA844}.Release|x64.Build.0 = Release|Any CPU
		{71306E4A-7B6C-4F40-993B-9D41734BA844}.Release|x86.ActiveCfg = Release|Any CPU
		{71306E4A-7B6C-4F40-993B-9D41734BA844}.Release|x86.Build.0 = Release|Any CPU
		{96467733-7EFA-4A79-80AA-87F5B15CD9AD}.Debug|Any CPU.ActiveCfg = Debug|Any CPU
		{96467733-7EFA-4A79-80AA-87F5B15CD9AD}.Debug|Any CPU.Build.0 = Debug|Any CPU
		{96467733-7EFA-4A79-80AA-87F5B15CD9AD}.Debug|x64.ActiveCfg = Debug|Any CPU
		{96467733-7EFA-4A79-80AA-87F5B15CD9AD}.Debug|x64.Build.0 = Debug|Any CPU
		{96467733-7EFA-4A79-80AA-87F5B15CD9AD}.Debug|x86.ActiveCfg = Debug|Any CPU
		{96467733-7EFA-4A79-80AA-87F5B15CD9AD}.Debug|x86.Build.0 = Debug|Any CPU
		{96467733-7EFA-4A79-80AA-87F5B15CD9AD}.Release|Any CPU.ActiveCfg = Release|Any CPU
		{96467733-7EFA-4A79-80AA-87F5B15CD9AD}.Release|Any CPU.Build.0 = Release|Any CPU
		{96467733-7EFA-4A79-80AA-87F5B15CD9AD}.Release|x64.ActiveCfg = Release|Any CPU
		{96467733-7EFA-4A79-80AA-87F5B15CD9AD}.Release|x64.Build.0 = Release|Any CPU
		{96467733-7EFA-4A79-80AA-87F5B15CD9AD}.Release|x86.ActiveCfg = Release|Any CPU
		{96467733-7EFA-4A79-80AA-87F5B15CD9AD}.Release|x86.Build.0 = Release|Any CPU
		{ED156FCE-85B5-48A0-81EE-6828C3DE78C8}.Debug|Any CPU.ActiveCfg = Debug|Any CPU
		{ED156FCE-85B5-48A0-81EE-6828C3DE78C8}.Debug|Any CPU.Build.0 = Debug|Any CPU
		{ED156FCE-85B5-48A0-81EE-6828C3DE78C8}.Debug|x64.ActiveCfg = Debug|Any CPU
		{ED156FCE-85B5-48A0-81EE-6828C3DE78C8}.Debug|x64.Build.0 = Debug|Any CPU
		{ED156FCE-85B5-48A0-81EE-6828C3DE78C8}.Debug|x86.ActiveCfg = Debug|Any CPU
		{ED156FCE-85B5-48A0-81EE-6828C3DE78C8}.Debug|x86.Build.0 = Debug|Any CPU
		{ED156FCE-85B5-48A0-81EE-6828C3DE78C8}.Release|Any CPU.ActiveCfg = Release|Any CPU
		{ED156FCE-85B5-48A0-81EE-6828C3DE78C8}.Release|Any CPU.Build.0 = Release|Any CPU
		{ED156FCE-85B5-48A0-81EE-6828C3DE78C8}.Release|x64.ActiveCfg = Release|Any CPU
		{ED156FCE-85B5-48A0-81EE-6828C3DE78C8}.Release|x64.Build.0 = Release|Any CPU
		{ED156FCE-85B5-48A0-81EE-6828C3DE78C8}.Release|x86.ActiveCfg = Release|Any CPU
		{ED156FCE-85B5-48A0-81EE-6828C3DE78C8}.Release|x86.Build.0 = Release|Any CPU
	EndGlobalSection
	GlobalSection(SolutionProperties) = preSolution
		HideSolutionNode = FALSE
	EndGlobalSection
	GlobalSection(NestedProjects) = preSolution
		{AB4C8CD8-5564-424B-85F4-1B26397511A5} = {827E0CD3-B72D-47B6-A68D-7590B98EB39B}
		{586F4054-5A4E-465B-AED8-F717DA3074FB} = {827E0CD3-B72D-47B6-A68D-7590B98EB39B}
		{9500A139-F7AB-4913-B6C5-91A18EFD3C8C} = {827E0CD3-B72D-47B6-A68D-7590B98EB39B}
		{87BE4771-847A-48F8-BD2F-727159771156} = {827E0CD3-B72D-47B6-A68D-7590B98EB39B}
		{A3385F04-AD8C-40B2-B5BC-01DEDF4CFBA4} = {827E0CD3-B72D-47B6-A68D-7590B98EB39B}
		{3D2937DE-C907-4F51-897D-4D5E3F65DF5D} = {827E0CD3-B72D-47B6-A68D-7590B98EB39B}
		{E094DFBA-CBF3-49A2-A2C4-5BBC5EFDD210} = {0AB3BF05-4346-4AA6-1389-037BE0695223}
		{71306E4A-7B6C-4F40-993B-9D41734BA844} = {0AB3BF05-4346-4AA6-1389-037BE0695223}
		{96467733-7EFA-4A79-80AA-87F5B15CD9AD} = {0AB3BF05-4346-4AA6-1389-037BE0695223}
		{ED156FCE-85B5-48A0-81EE-6828C3DE78C8} = {0AB3BF05-4346-4AA6-1389-037BE0695223}
	EndGlobalSection
EndGlobal
